// !$*UTF8*$!
{
	archiveVersion = 1;
	classes = {
	};
	objectVersion = 56;
	objects = {

/* Begin PBXBuildFile section */
		1704AB8C2B327D1400D601BA /* Components.framework in Frameworks */ = {isa = PBXBuildFile; fileRef = 1704AB8B2B327D1400D601BA /* Components.framework */; };
		1704AB8D2B327D1400D601BA /* Components.framework in Embed Frameworks */ = {isa = PBXBuildFile; fileRef = 1704AB8B2B327D1400D601BA /* Components.framework */; settings = {ATTRIBUTES = (CodeSignOnCopy, RemoveHeadersOnCopy, ); }; };
		1712072F2B351DAB008BE78F /* HistoryChart.swift in Sources */ = {isa = PBXBuildFile; fileRef = 1712072E2B351DAB008BE78F /* HistoryChart.swift */; };
		1767D1392B39D85900EB21C7 /* HistoryChartViewModel.swift in Sources */ = {isa = PBXBuildFile; fileRef = 1767D1382B39D85900EB21C7 /* HistoryChartViewModel.swift */; };
		17B0AF0E2B0A8C5900E33270 /* History.docc in Sources */ = {isa = PBXBuildFile; fileRef = 17B0AF0D2B0A8C5900E33270 /* History.docc */; };
		17B0AF142B0A8C5900E33270 /* History.framework in Frameworks */ = {isa = PBXBuildFile; fileRef = 17B0AF092B0A8C5900E33270 /* History.framework */; };
		17B0AF192B0A8C5900E33270 /* HistoryTests.swift in Sources */ = {isa = PBXBuildFile; fileRef = 17B0AF182B0A8C5900E33270 /* HistoryTests.swift */; };
		17B0AF972B0DA19A00E33270 /* HistoryAssembly.swift in Sources */ = {isa = PBXBuildFile; fileRef = 17B0AF8A2B0DA19900E33270 /* HistoryAssembly.swift */; };
		17B0AF982B0DA1CE00E33270 /* StatisticsFlow.swift in Sources */ = {isa = PBXBuildFile; fileRef = 17B0AF942B0DA19A00E33270 /* StatisticsFlow.swift */; };
		17B0AF992B0DA1CE00E33270 /* StatisticsFlowSteps.swift in Sources */ = {isa = PBXBuildFile; fileRef = 17B0AF932B0DA19A00E33270 /* StatisticsFlowSteps.swift */; };
		17B0AF9A2B0DA1D700E33270 /* DailyConsumptionSection.swift in Sources */ = {isa = PBXBuildFile; fileRef = 17B0AF8B2B0DA19A00E33270 /* DailyConsumptionSection.swift */; };
		17B0AF9B2B0DA1D700E33270 /* DailyConsumptionCell.swift in Sources */ = {isa = PBXBuildFile; fileRef = 17B0AF8C2B0DA19A00E33270 /* DailyConsumptionCell.swift */; };
		17B0AF9C2B0DA1D700E33270 /* HistoryViewModel.swift in Sources */ = {isa = PBXBuildFile; fileRef = 17B0AF902B0DA19A00E33270 /* HistoryViewModel.swift */; };
		17C6EAC02B38918100658D4A /* WaterConsumptionChartCell.swift in Sources */ = {isa = PBXBuildFile; fileRef = 17C6EABF2B38918100658D4A /* WaterConsumptionChartCell.swift */; };
		17C6EAC22B38A92100658D4A /* EmptyHeader.swift in Sources */ = {isa = PBXBuildFile; fileRef = 17C6EAC12B38A92100658D4A /* EmptyHeader.swift */; };
		17D0439B2D52F9BD008915FE /* WaterManagementDomain.framework in Frameworks */ = {isa = PBXBuildFile; fileRef = 17D0439A2D52F9BD008915FE /* WaterManagementDomain.framework */; };
		17D0439C2D52F9BD008915FE /* WaterManagementDomain.framework in Embed Frameworks */ = {isa = PBXBuildFile; fileRef = 17D0439A2D52F9BD008915FE /* WaterManagementDomain.framework */; settings = {ATTRIBUTES = (CodeSignOnCopy, RemoveHeadersOnCopy, ); }; };
		27EE3A2540B1B4CF46B524C9 /* HistoryVC.swift in Sources */ = {isa = PBXBuildFile; fileRef = 27EE3C0F4AA3D6855884EE37 /* HistoryVC.swift */; };
		27EE3D8EF73510FCB0CAD793 /* HistoryVC+Datasource.swift in Sources */ = {isa = PBXBuildFile; fileRef = 27EE341E001E687074DA1BA0 /* HistoryVC+Datasource.swift */; };
		8221A76EBAA6CCD270E93D59 /* Pods_HistoryTests.framework in Frameworks */ = {isa = PBXBuildFile; fileRef = E127029CAD376D01B34C98A1 /* Pods_HistoryTests.framework */; };
		DB0ED59BECADA854957464D3 /* Pods_History.framework in Frameworks */ = {isa = PBXBuildFile; fileRef = AAE1617DE95D09C1147D88EF /* Pods_History.framework */; };
/* End PBXBuildFile section */

/* Begin PBXContainerItemProxy section */
		17B0AF152B0A8C5900E33270 /* PBXContainerItemProxy */ = {
			isa = PBXContainerItemProxy;
			containerPortal = 17B0AF002B0A8C5900E33270 /* Project object */;
			proxyType = 1;
			remoteGlobalIDString = 17B0AF082B0A8C5900E33270;
			remoteInfo = History;
		};
/* End PBXContainerItemProxy section */

/* Begin PBXCopyFilesBuildPhase section */
		1704AB8E2B327D1400D601BA /* Embed Frameworks */ = {
			isa = PBXCopyFilesBuildPhase;
			buildActionMask = 2147483647;
			dstPath = "";
			dstSubfolderSpec = 10;
			files = (
				1704AB8D2B327D1400D601BA /* Components.framework in Embed Frameworks */,
				17D0439C2D52F9BD008915FE /* WaterManagementDomain.framework in Embed Frameworks */,
			);
			name = "Embed Frameworks";
			runOnlyForDeploymentPostprocessing = 0;
		};
/* End PBXCopyFilesBuildPhase section */

/* Begin PBXFileReference section */
		1704AB8B2B327D1400D601BA /* Components.framework */ = {isa = PBXFileReference; explicitFileType = wrapper.framework; path = Components.framework; sourceTree = BUILT_PRODUCTS_DIR; };
		1712072E2B351DAB008BE78F /* HistoryChart.swift */ = {isa = PBXFileReference; lastKnownFileType = sourcecode.swift; path = HistoryChart.swift; sourceTree = "<group>"; };
		1767D1382B39D85900EB21C7 /* HistoryChartViewModel.swift */ = {isa = PBXFileReference; lastKnownFileType = sourcecode.swift; path = HistoryChartViewModel.swift; sourceTree = "<group>"; };
		17871D312B1A62C70022D0E9 /* Components.framework */ = {isa = PBXFileReference; explicitFileType = wrapper.framework; path = Components.framework; sourceTree = BUILT_PRODUCTS_DIR; };
		17B0AF092B0A8C5900E33270 /* History.framework */ = {isa = PBXFileReference; explicitFileType = wrapper.framework; includeInIndex = 0; path = History.framework; sourceTree = BUILT_PRODUCTS_DIR; };
		17B0AF0D2B0A8C5900E33270 /* History.docc */ = {isa = PBXFileReference; lastKnownFileType = folder.documentationcatalog; path = History.docc; sourceTree = "<group>"; };
		17B0AF132B0A8C5900E33270 /* HistoryTests.xctest */ = {isa = PBXFileReference; explicitFileType = wrapper.cfbundle; includeInIndex = 0; path = HistoryTests.xctest; sourceTree = BUILT_PRODUCTS_DIR; };
		17B0AF182B0A8C5900E33270 /* HistoryTests.swift */ = {isa = PBXFileReference; lastKnownFileType = sourcecode.swift; path = HistoryTests.swift; sourceTree = "<group>"; };
		17B0AF8A2B0DA19900E33270 /* HistoryAssembly.swift */ = {isa = PBXFileReference; lastKnownFileType = sourcecode.swift; path = HistoryAssembly.swift; sourceTree = "<group>"; };
		17B0AF8B2B0DA19A00E33270 /* DailyConsumptionSection.swift */ = {isa = PBXFileReference; lastKnownFileType = sourcecode.swift; path = DailyConsumptionSection.swift; sourceTree = "<group>"; };
		17B0AF8C2B0DA19A00E33270 /* DailyConsumptionCell.swift */ = {isa = PBXFileReference; lastKnownFileType = sourcecode.swift; path = DailyConsumptionCell.swift; sourceTree = "<group>"; };
		17B0AF902B0DA19A00E33270 /* HistoryViewModel.swift */ = {isa = PBXFileReference; lastKnownFileType = sourcecode.swift; path = HistoryViewModel.swift; sourceTree = "<group>"; };
		17B0AF932B0DA19A00E33270 /* StatisticsFlowSteps.swift */ = {isa = PBXFileReference; fileEncoding = 4; lastKnownFileType = sourcecode.swift; path = StatisticsFlowSteps.swift; sourceTree = "<group>"; };
		17B0AF942B0DA19A00E33270 /* StatisticsFlow.swift */ = {isa = PBXFileReference; fileEncoding = 4; lastKnownFileType = sourcecode.swift; path = StatisticsFlow.swift; sourceTree = "<group>"; };
		17C6EABF2B38918100658D4A /* WaterConsumptionChartCell.swift */ = {isa = PBXFileReference; fileEncoding = 4; lastKnownFileType = sourcecode.swift; path = WaterConsumptionChartCell.swift; sourceTree = "<group>"; };
		17C6EAC12B38A92100658D4A /* EmptyHeader.swift */ = {isa = PBXFileReference; fileEncoding = 4; lastKnownFileType = sourcecode.swift; path = EmptyHeader.swift; sourceTree = "<group>"; };
		17D0439A2D52F9BD008915FE /* WaterManagementDomain.framework */ = {isa = PBXFileReference; explicitFileType = wrapper.framework; path = WaterManagementDomain.framework; sourceTree = BUILT_PRODUCTS_DIR; };
		27EE341E001E687074DA1BA0 /* HistoryVC+Datasource.swift */ = {isa = PBXFileReference; fileEncoding = 4; lastKnownFileType = sourcecode.swift; path = "HistoryVC+Datasource.swift"; sourceTree = "<group>"; };
		27EE3C0F4AA3D6855884EE37 /* HistoryVC.swift */ = {isa = PBXFileReference; fileEncoding = 4; lastKnownFileType = sourcecode.swift; path = HistoryVC.swift; sourceTree = "<group>"; };
		313956FD91980D7452937A26 /* Pods-History.debug.xcconfig */ = {isa = PBXFileReference; includeInIndex = 1; lastKnownFileType = text.xcconfig; name = "Pods-History.debug.xcconfig"; path = "Target Support Files/Pods-History/Pods-History.debug.xcconfig"; sourceTree = "<group>"; };
		A3DCB1B9F610032C6A26198B /* Pods-HistoryTests.release.xcconfig */ = {isa = PBXFileReference; includeInIndex = 1; lastKnownFileType = text.xcconfig; name = "Pods-HistoryTests.release.xcconfig"; path = "Target Support Files/Pods-HistoryTests/Pods-HistoryTests.release.xcconfig"; sourceTree = "<group>"; };
		AAE1617DE95D09C1147D88EF /* Pods_History.framework */ = {isa = PBXFileReference; explicitFileType = wrapper.framework; includeInIndex = 0; path = Pods_History.framework; sourceTree = BUILT_PRODUCTS_DIR; };
		B8AA17C18BA16D677AAEBB80 /* Pods-HistoryTests.debug.xcconfig */ = {isa = PBXFileReference; includeInIndex = 1; lastKnownFileType = text.xcconfig; name = "Pods-HistoryTests.debug.xcconfig"; path = "Target Support Files/Pods-HistoryTests/Pods-HistoryTests.debug.xcconfig"; sourceTree = "<group>"; };
		CE76BC1479A07E220839DB0A /* Pods-History.release.xcconfig */ = {isa = PBXFileReference; includeInIndex = 1; lastKnownFileType = text.xcconfig; name = "Pods-History.release.xcconfig"; path = "Target Support Files/Pods-History/Pods-History.release.xcconfig"; sourceTree = "<group>"; };
		E127029CAD376D01B34C98A1 /* Pods_HistoryTests.framework */ = {isa = PBXFileReference; explicitFileType = wrapper.framework; includeInIndex = 0; path = Pods_HistoryTests.framework; sourceTree = BUILT_PRODUCTS_DIR; };
/* End PBXFileReference section */

/* Begin PBXFrameworksBuildPhase section */
		17B0AF062B0A8C5900E33270 /* Frameworks */ = {
			isa = PBXFrameworksBuildPhase;
			buildActionMask = 2147483647;
			files = (
				17D0439B2D52F9BD008915FE /* WaterManagementDomain.framework in Frameworks */,
				1704AB8C2B327D1400D601BA /* Components.framework in Frameworks */,
				DB0ED59BECADA854957464D3 /* Pods_History.framework in Frameworks */,
			);
			runOnlyForDeploymentPostprocessing = 0;
		};
		17B0AF102B0A8C5900E33270 /* Frameworks */ = {
			isa = PBXFrameworksBuildPhase;
			buildActionMask = 2147483647;
			files = (
				17B0AF142B0A8C5900E33270 /* History.framework in Frameworks */,
				8221A76EBAA6CCD270E93D59 /* Pods_HistoryTests.framework in Frameworks */,
			);
			runOnlyForDeploymentPostprocessing = 0;
		};
/* End PBXFrameworksBuildPhase section */

/* Begin PBXGroup section */
		1767D1372B39D83400EB21C7 /* HistoryChart */ = {
			isa = PBXGroup;
			children = (
				1712072E2B351DAB008BE78F /* HistoryChart.swift */,
				1767D1382B39D85900EB21C7 /* HistoryChartViewModel.swift */,
			);
			path = HistoryChart;
			sourceTree = "<group>";
		};
		17B0AEFF2B0A8C5900E33270 = {
			isa = PBXGroup;
			children = (
				17B0AF0B2B0A8C5900E33270 /* History */,
				17B0AF172B0A8C5900E33270 /* HistoryTests */,
				17B0AF0A2B0A8C5900E33270 /* Products */,
				E384D32DACF85906BC7630C5 /* Pods */,
				8DF531F11EDA51866CE63794 /* Frameworks */,
			);
			sourceTree = "<group>";
		};
		17B0AF0A2B0A8C5900E33270 /* Products */ = {
			isa = PBXGroup;
			children = (
				17B0AF092B0A8C5900E33270 /* History.framework */,
				17B0AF132B0A8C5900E33270 /* HistoryTests.xctest */,
			);
			name = Products;
			sourceTree = "<group>";
		};
		17B0AF0B2B0A8C5900E33270 /* History */ = {
			isa = PBXGroup;
			children = (
				17B0AF0D2B0A8C5900E33270 /* History.docc */,
				17B0AF8A2B0DA19900E33270 /* HistoryAssembly.swift */,
				17B0AF952B0DA19A00E33270 /* Flow */,
				17B0AF922B0DA19A00E33270 /* Presentation */,
			);
			path = History;
			sourceTree = "<group>";
		};
		17B0AF172B0A8C5900E33270 /* HistoryTests */ = {
			isa = PBXGroup;
			children = (
				17B0AF182B0A8C5900E33270 /* HistoryTests.swift */,
			);
			path = HistoryTests;
			sourceTree = "<group>";
		};
		17B0AF8D2B0DA19A00E33270 /* Components */ = {
			isa = PBXGroup;
			children = (
				17B0AF8C2B0DA19A00E33270 /* DailyConsumptionCell.swift */,
				17B0AF8B2B0DA19A00E33270 /* DailyConsumptionSection.swift */,
				17C6EAC12B38A92100658D4A /* EmptyHeader.swift */,
				17C6EABF2B38918100658D4A /* WaterConsumptionChartCell.swift */,
				1767D1372B39D83400EB21C7 /* HistoryChart */,
			);
			path = Components;
			sourceTree = "<group>";
		};
		17B0AF8F2B0DA19A00E33270 /* ViewControllers */ = {
			isa = PBXGroup;
			children = (
				27EE3C0F4AA3D6855884EE37 /* HistoryVC.swift */,
				27EE341E001E687074DA1BA0 /* HistoryVC+Datasource.swift */,
			);
			path = ViewControllers;
			sourceTree = "<group>";
		};
		17B0AF912B0DA19A00E33270 /* ViewModel */ = {
			isa = PBXGroup;
			children = (
				17B0AF902B0DA19A00E33270 /* HistoryViewModel.swift */,
			);
			path = ViewModel;
			sourceTree = "<group>";
		};
		17B0AF922B0DA19A00E33270 /* Presentation */ = {
			isa = PBXGroup;
			children = (
				17B0AF8D2B0DA19A00E33270 /* Components */,
				17B0AF8F2B0DA19A00E33270 /* ViewControllers */,
				17B0AF912B0DA19A00E33270 /* ViewModel */,
			);
			path = Presentation;
			sourceTree = "<group>";
		};
		17B0AF952B0DA19A00E33270 /* Flow */ = {
			isa = PBXGroup;
			children = (
				17B0AF932B0DA19A00E33270 /* StatisticsFlowSteps.swift */,
				17B0AF942B0DA19A00E33270 /* StatisticsFlow.swift */,
			);
			path = Flow;
			sourceTree = "<group>";
		};
		8DF531F11EDA51866CE63794 /* Frameworks */ = {
			isa = PBXGroup;
			children = (
				17D0439A2D52F9BD008915FE /* WaterManagementDomain.framework */,
				1704AB8B2B327D1400D601BA /* Components.framework */,
				17871D312B1A62C70022D0E9 /* Components.framework */,
				AAE1617DE95D09C1147D88EF /* Pods_History.framework */,
				E127029CAD376D01B34C98A1 /* Pods_HistoryTests.framework */,
			);
			name = Frameworks;
			sourceTree = "<group>";
		};
		E384D32DACF85906BC7630C5 /* Pods */ = {
			isa = PBXGroup;
			children = (
				313956FD91980D7452937A26 /* Pods-History.debug.xcconfig */,
				CE76BC1479A07E220839DB0A /* Pods-History.release.xcconfig */,
				B8AA17C18BA16D677AAEBB80 /* Pods-HistoryTests.debug.xcconfig */,
				A3DCB1B9F610032C6A26198B /* Pods-HistoryTests.release.xcconfig */,
			);
			name = Pods;
			path = ../Pods;
			sourceTree = "<group>";
		};
/* End PBXGroup section */

/* Begin PBXHeadersBuildPhase section */
		17B0AF042B0A8C5900E33270 /* Headers */ = {
			isa = PBXHeadersBuildPhase;
			buildActionMask = 2147483647;
			files = (
			);
			runOnlyForDeploymentPostprocessing = 0;
		};
/* End PBXHeadersBuildPhase section */

/* Begin PBXNativeTarget section */
		17B0AF082B0A8C5900E33270 /* History */ = {
			isa = PBXNativeTarget;
			buildConfigurationList = 17B0AF1D2B0A8C5900E33270 /* Build configuration list for PBXNativeTarget "History" */;
			buildPhases = (
				622777B1D92E8C41F564CFCB /* [CP] Check Pods Manifest.lock */,
				17B0AF042B0A8C5900E33270 /* Headers */,
				17B0AF052B0A8C5900E33270 /* Sources */,
				17B0AF062B0A8C5900E33270 /* Frameworks */,
				17B0AF072B0A8C5900E33270 /* Resources */,
				1704AB8E2B327D1400D601BA /* Embed Frameworks */,
			);
			buildRules = (
			);
			dependencies = (
			);
			name = History;
			productName = History;
			productReference = 17B0AF092B0A8C5900E33270 /* History.framework */;
			productType = "com.apple.product-type.framework";
		};
		17B0AF122B0A8C5900E33270 /* HistoryTests */ = {
			isa = PBXNativeTarget;
			buildConfigurationList = 17B0AF202B0A8C5900E33270 /* Build configuration list for PBXNativeTarget "HistoryTests" */;
			buildPhases = (
				4171B5B7AD270FC7AA43D664 /* [CP] Check Pods Manifest.lock */,
				17B0AF0F2B0A8C5900E33270 /* Sources */,
				17B0AF102B0A8C5900E33270 /* Frameworks */,
				17B0AF112B0A8C5900E33270 /* Resources */,
			);
			buildRules = (
			);
			dependencies = (
				17B0AF162B0A8C5900E33270 /* PBXTargetDependency */,
			);
			name = HistoryTests;
			productName = HistoryTests;
			productReference = 17B0AF132B0A8C5900E33270 /* HistoryTests.xctest */;
			productType = "com.apple.product-type.bundle.unit-test";
		};
/* End PBXNativeTarget section */

/* Begin PBXProject section */
		17B0AF002B0A8C5900E33270 /* Project object */ = {
			isa = PBXProject;
			attributes = {
				BuildIndependentTargetsInParallel = 1;
				LastSwiftUpdateCheck = 1500;
				LastUpgradeCheck = 1500;
				TargetAttributes = {
					17B0AF082B0A8C5900E33270 = {
						CreatedOnToolsVersion = 15.0;
					};
					17B0AF122B0A8C5900E33270 = {
						CreatedOnToolsVersion = 15.0;
					};
				};
			};
			buildConfigurationList = 17B0AF032B0A8C5900E33270 /* Build configuration list for PBXProject "History" */;
			compatibilityVersion = "Xcode 14.0";
			developmentRegion = en;
			hasScannedForEncodings = 0;
			knownRegions = (
				en,
				Base,
			);
			mainGroup = 17B0AEFF2B0A8C5900E33270;
			productRefGroup = 17B0AF0A2B0A8C5900E33270 /* Products */;
			projectDirPath = "";
			projectRoot = "";
			targets = (
				17B0AF082B0A8C5900E33270 /* History */,
				17B0AF122B0A8C5900E33270 /* HistoryTests */,
			);
		};
/* End PBXProject section */

/* Begin PBXResourcesBuildPhase section */
		17B0AF072B0A8C5900E33270 /* Resources */ = {
			isa = PBXResourcesBuildPhase;
			buildActionMask = 2147483647;
			files = (
			);
			runOnlyForDeploymentPostprocessing = 0;
		};
		17B0AF112B0A8C5900E33270 /* Resources */ = {
			isa = PBXResourcesBuildPhase;
			buildActionMask = 2147483647;
			files = (
			);
			runOnlyForDeploymentPostprocessing = 0;
		};
/* End PBXResourcesBuildPhase section */

/* Begin PBXShellScriptBuildPhase section */
		4171B5B7AD270FC7AA43D664 /* [CP] Check Pods Manifest.lock */ = {
			isa = PBXShellScriptBuildPhase;
			buildActionMask = 2147483647;
			files = (
			);
			inputFileListPaths = (
			);
			inputPaths = (
				"${PODS_PODFILE_DIR_PATH}/Podfile.lock",
				"${PODS_ROOT}/Manifest.lock",
			);
			name = "[CP] Check Pods Manifest.lock";
			outputFileListPaths = (
			);
			outputPaths = (
				"$(DERIVED_FILE_DIR)/Pods-HistoryTests-checkManifestLockResult.txt",
			);
			runOnlyForDeploymentPostprocessing = 0;
			shellPath = /bin/sh;
			shellScript = "diff \"${PODS_PODFILE_DIR_PATH}/Podfile.lock\" \"${PODS_ROOT}/Manifest.lock\" > /dev/null\nif [ $? != 0 ] ; then\n    # print error to STDERR\n    echo \"error: The sandbox is not in sync with the Podfile.lock. Run 'pod install' or update your CocoaPods installation.\" >&2\n    exit 1\nfi\n# This output is used by Xcode 'outputs' to avoid re-running this script phase.\necho \"SUCCESS\" > \"${SCRIPT_OUTPUT_FILE_0}\"\n";
			showEnvVarsInLog = 0;
		};
		622777B1D92E8C41F564CFCB /* [CP] Check Pods Manifest.lock */ = {
			isa = PBXShellScriptBuildPhase;
			buildActionMask = 2147483647;
			files = (
			);
			inputFileListPaths = (
			);
			inputPaths = (
				"${PODS_PODFILE_DIR_PATH}/Podfile.lock",
				"${PODS_ROOT}/Manifest.lock",
			);
			name = "[CP] Check Pods Manifest.lock";
			outputFileListPaths = (
			);
			outputPaths = (
				"$(DERIVED_FILE_DIR)/Pods-History-checkManifestLockResult.txt",
			);
			runOnlyForDeploymentPostprocessing = 0;
			shellPath = /bin/sh;
			shellScript = "diff \"${PODS_PODFILE_DIR_PATH}/Podfile.lock\" \"${PODS_ROOT}/Manifest.lock\" > /dev/null\nif [ $? != 0 ] ; then\n    # print error to STDERR\n    echo \"error: The sandbox is not in sync with the Podfile.lock. Run 'pod install' or update your CocoaPods installation.\" >&2\n    exit 1\nfi\n# This output is used by Xcode 'outputs' to avoid re-running this script phase.\necho \"SUCCESS\" > \"${SCRIPT_OUTPUT_FILE_0}\"\n";
			showEnvVarsInLog = 0;
		};
/* End PBXShellScriptBuildPhase section */

/* Begin PBXSourcesBuildPhase section */
		17B0AF052B0A8C5900E33270 /* Sources */ = {
			isa = PBXSourcesBuildPhase;
			buildActionMask = 2147483647;
			files = (
				17C6EAC22B38A92100658D4A /* EmptyHeader.swift in Sources */,
				17B0AF9A2B0DA1D700E33270 /* DailyConsumptionSection.swift in Sources */,
				17B0AF982B0DA1CE00E33270 /* StatisticsFlow.swift in Sources */,
				17B0AF972B0DA19A00E33270 /* HistoryAssembly.swift in Sources */,
				1712072F2B351DAB008BE78F /* HistoryChart.swift in Sources */,
				17B0AF9B2B0DA1D700E33270 /* DailyConsumptionCell.swift in Sources */,
				17B0AF992B0DA1CE00E33270 /* StatisticsFlowSteps.swift in Sources */,
				17B0AF0E2B0A8C5900E33270 /* History.docc in Sources */,
				17B0AF9C2B0DA1D700E33270 /* HistoryViewModel.swift in Sources */,
				27EE3D8EF73510FCB0CAD793 /* HistoryVC+Datasource.swift in Sources */,
				17C6EAC02B38918100658D4A /* WaterConsumptionChartCell.swift in Sources */,
				27EE3A2540B1B4CF46B524C9 /* HistoryVC.swift in Sources */,
				1767D1392B39D85900EB21C7 /* HistoryChartViewModel.swift in Sources */,
			);
			runOnlyForDeploymentPostprocessing = 0;
		};
		17B0AF0F2B0A8C5900E33270 /* Sources */ = {
			isa = PBXSourcesBuildPhase;
			buildActionMask = 2147483647;
			files = (
				17B0AF192B0A8C5900E33270 /* HistoryTests.swift in Sources */,
			);
			runOnlyForDeploymentPostprocessing = 0;
		};
/* End PBXSourcesBuildPhase section */

/* Begin PBXTargetDependency section */
		17B0AF162B0A8C5900E33270 /* PBXTargetDependency */ = {
			isa = PBXTargetDependency;
			target = 17B0AF082B0A8C5900E33270 /* History */;
			targetProxy = 17B0AF152B0A8C5900E33270 /* PBXContainerItemProxy */;
		};
/* End PBXTargetDependency section */

/* Begin XCBuildConfiguration section */
		17B0AF1B2B0A8C5900E33270 /* Debug */ = {
			isa = XCBuildConfiguration;
			buildSettings = {
				ALWAYS_SEARCH_USER_PATHS = NO;
				ASSETCATALOG_COMPILER_GENERATE_SWIFT_ASSET_SYMBOL_EXTENSIONS = YES;
				CLANG_ANALYZER_NONNULL = YES;
				CLANG_ANALYZER_NUMBER_OBJECT_CONVERSION = YES_AGGRESSIVE;
				CLANG_CXX_LANGUAGE_STANDARD = "gnu++20";
				CLANG_ENABLE_MODULES = YES;
				CLANG_ENABLE_OBJC_ARC = YES;
				CLANG_ENABLE_OBJC_WEAK = YES;
				CLANG_WARN_BLOCK_CAPTURE_AUTORELEASING = YES;
				CLANG_WARN_BOOL_CONVERSION = YES;
				CLANG_WARN_COMMA = YES;
				CLANG_WARN_CONSTANT_CONVERSION = YES;
				CLANG_WARN_DEPRECATED_OBJC_IMPLEMENTATIONS = YES;
				CLANG_WARN_DIRECT_OBJC_ISA_USAGE = YES_ERROR;
				CLANG_WARN_DOCUMENTATION_COMMENTS = YES;
				CLANG_WARN_EMPTY_BODY = YES;
				CLANG_WARN_ENUM_CONVERSION = YES;
				CLANG_WARN_INFINITE_RECURSION = YES;
				CLANG_WARN_INT_CONVERSION = YES;
				CLANG_WARN_NON_LITERAL_NULL_CONVERSION = YES;
				CLANG_WARN_OBJC_IMPLICIT_RETAIN_SELF = YES;
				CLANG_WARN_OBJC_LITERAL_CONVERSION = YES;
				CLANG_WARN_OBJC_ROOT_CLASS = YES_ERROR;
				CLANG_WARN_QUOTED_INCLUDE_IN_FRAMEWORK_HEADER = YES;
				CLANG_WARN_RANGE_LOOP_ANALYSIS = YES;
				CLANG_WARN_STRICT_PROTOTYPES = YES;
				CLANG_WARN_SUSPICIOUS_MOVE = YES;
				CLANG_WARN_UNGUARDED_AVAILABILITY = YES_AGGRESSIVE;
				CLANG_WARN_UNREACHABLE_CODE = YES;
				CLANG_WARN__DUPLICATE_METHOD_MATCH = YES;
				COPY_PHASE_STRIP = NO;
				CURRENT_PROJECT_VERSION = 1;
				DEBUG_INFORMATION_FORMAT = dwarf;
				ENABLE_STRICT_OBJC_MSGSEND = YES;
				ENABLE_TESTABILITY = YES;
				ENABLE_USER_SCRIPT_SANDBOXING = YES;
				GCC_C_LANGUAGE_STANDARD = gnu17;
				GCC_DYNAMIC_NO_PIC = NO;
				GCC_NO_COMMON_BLOCKS = YES;
				GCC_OPTIMIZATION_LEVEL = 0;
				GCC_PREPROCESSOR_DEFINITIONS = (
					"DEBUG=1",
					"$(inherited)",
				);
				GCC_WARN_64_TO_32_BIT_CONVERSION = YES;
				GCC_WARN_ABOUT_RETURN_TYPE = YES_ERROR;
				GCC_WARN_UNDECLARED_SELECTOR = YES;
				GCC_WARN_UNINITIALIZED_AUTOS = YES_AGGRESSIVE;
				GCC_WARN_UNUSED_FUNCTION = YES;
				GCC_WARN_UNUSED_VARIABLE = YES;
				IPHONEOS_DEPLOYMENT_TARGET = 17.0;
				LOCALIZATION_PREFERS_STRING_CATALOGS = YES;
				MTL_ENABLE_DEBUG_INFO = INCLUDE_SOURCE;
				MTL_FAST_MATH = YES;
				ONLY_ACTIVE_ARCH = YES;
				SDKROOT = iphoneos;
				SWIFT_ACTIVE_COMPILATION_CONDITIONS = "DEBUG $(inherited)";
				SWIFT_OPTIMIZATION_LEVEL = "-Onone";
				VERSIONING_SYSTEM = "apple-generic";
				VERSION_INFO_PREFIX = "";
			};
			name = Debug;
		};
		17B0AF1C2B0A8C5900E33270 /* Release */ = {
			isa = XCBuildConfiguration;
			buildSettings = {
				ALWAYS_SEARCH_USER_PATHS = NO;
				ASSETCATALOG_COMPILER_GENERATE_SWIFT_ASSET_SYMBOL_EXTENSIONS = YES;
				CLANG_ANALYZER_NONNULL = YES;
				CLANG_ANALYZER_NUMBER_OBJECT_CONVERSION = YES_AGGRESSIVE;
				CLANG_CXX_LANGUAGE_STANDARD = "gnu++20";
				CLANG_ENABLE_MODULES = YES;
				CLANG_ENABLE_OBJC_ARC = YES;
				CLANG_ENABLE_OBJC_WEAK = YES;
				CLANG_WARN_BLOCK_CAPTURE_AUTORELEASING = YES;
				CLANG_WARN_BOOL_CONVERSION = YES;
				CLANG_WARN_COMMA = YES;
				CLANG_WARN_CONSTANT_CONVERSION = YES;
				CLANG_WARN_DEPRECATED_OBJC_IMPLEMENTATIONS = YES;
				CLANG_WARN_DIRECT_OBJC_ISA_USAGE = YES_ERROR;
				CLANG_WARN_DOCUMENTATION_COMMENTS = YES;
				CLANG_WARN_EMPTY_BODY = YES;
				CLANG_WARN_ENUM_CONVERSION = YES;
				CLANG_WARN_INFINITE_RECURSION = YES;
				CLANG_WARN_INT_CONVERSION = YES;
				CLANG_WARN_NON_LITERAL_NULL_CONVERSION = YES;
				CLANG_WARN_OBJC_IMPLICIT_RETAIN_SELF = YES;
				CLANG_WARN_OBJC_LITERAL_CONVERSION = YES;
				CLANG_WARN_OBJC_ROOT_CLASS = YES_ERROR;
				CLANG_WARN_QUOTED_INCLUDE_IN_FRAMEWORK_HEADER = YES;
				CLANG_WARN_RANGE_LOOP_ANALYSIS = YES;
				CLANG_WARN_STRICT_PROTOTYPES = YES;
				CLANG_WARN_SUSPICIOUS_MOVE = YES;
				CLANG_WARN_UNGUARDED_AVAILABILITY = YES_AGGRESSIVE;
				CLANG_WARN_UNREACHABLE_CODE = YES;
				CLANG_WARN__DUPLICATE_METHOD_MATCH = YES;
				COPY_PHASE_STRIP = NO;
				CURRENT_PROJECT_VERSION = 1;
				DEBUG_INFORMATION_FORMAT = "dwarf-with-dsym";
				ENABLE_NS_ASSERTIONS = NO;
				ENABLE_STRICT_OBJC_MSGSEND = YES;
				ENABLE_USER_SCRIPT_SANDBOXING = YES;
				GCC_C_LANGUAGE_STANDARD = gnu17;
				GCC_NO_COMMON_BLOCKS = YES;
				GCC_WARN_64_TO_32_BIT_CONVERSION = YES;
				GCC_WARN_ABOUT_RETURN_TYPE = YES_ERROR;
				GCC_WARN_UNDECLARED_SELECTOR = YES;
				GCC_WARN_UNINITIALIZED_AUTOS = YES_AGGRESSIVE;
				GCC_WARN_UNUSED_FUNCTION = YES;
				GCC_WARN_UNUSED_VARIABLE = YES;
				IPHONEOS_DEPLOYMENT_TARGET = 17.0;
				LOCALIZATION_PREFERS_STRING_CATALOGS = YES;
				MTL_ENABLE_DEBUG_INFO = NO;
				MTL_FAST_MATH = YES;
				SDKROOT = iphoneos;
				SWIFT_COMPILATION_MODE = wholemodule;
				VALIDATE_PRODUCT = YES;
				VERSIONING_SYSTEM = "apple-generic";
				VERSION_INFO_PREFIX = "";
			};
			name = Release;
		};
		17B0AF1E2B0A8C5900E33270 /* Debug */ = {
			isa = XCBuildConfiguration;
			baseConfigurationReference = 313956FD91980D7452937A26 /* Pods-History.debug.xcconfig */;
			buildSettings = {
				CODE_SIGN_STYLE = Automatic;
				CURRENT_PROJECT_VERSION = 1;
				DEFINES_MODULE = YES;
				DYLIB_COMPATIBILITY_VERSION = 1;
				DYLIB_CURRENT_VERSION = 1;
				DYLIB_INSTALL_NAME_BASE = "@rpath";
				ENABLE_MODULE_VERIFIER = YES;
				GENERATE_INFOPLIST_FILE = YES;
				INFOPLIST_KEY_NSHumanReadableCopyright = "";
				INSTALL_PATH = "$(LOCAL_LIBRARY_DIR)/Frameworks";
				IPHONEOS_DEPLOYMENT_TARGET = 17.6;
				LD_RUNPATH_SEARCH_PATHS = (
					"$(inherited)",
					"@executable_path/Frameworks",
					"@loader_path/Frameworks",
				);
				MARKETING_VERSION = 1.0;
				MODULE_VERIFIER_SUPPORTED_LANGUAGES = "objective-c objective-c++";
				MODULE_VERIFIER_SUPPORTED_LANGUAGE_STANDARDS = "gnu17 gnu++20";
				PRODUCT_BUNDLE_IDENTIFIER = com.github.lucascalheiros.History;
				PRODUCT_NAME = "$(TARGET_NAME:c99extidentifier)";
				SKIP_INSTALL = YES;
				SWIFT_EMIT_LOC_STRINGS = YES;
				SWIFT_VERSION = 5.0;
				TARGETED_DEVICE_FAMILY = "1,2";
			};
			name = Debug;
		};
		17B0AF1F2B0A8C5900E33270 /* Release */ = {
			isa = XCBuildConfiguration;
			baseConfigurationReference = CE76BC1479A07E220839DB0A /* Pods-History.release.xcconfig */;
			buildSettings = {
				CODE_SIGN_STYLE = Automatic;
				CURRENT_PROJECT_VERSION = 1;
				DEFINES_MODULE = YES;
				DYLIB_COMPATIBILITY_VERSION = 1;
				DYLIB_CURRENT_VERSION = 1;
				DYLIB_INSTALL_NAME_BASE = "@rpath";
				ENABLE_MODULE_VERIFIER = YES;
				GENERATE_INFOPLIST_FILE = YES;
				INFOPLIST_KEY_NSHumanReadableCopyright = "";
				INSTALL_PATH = "$(LOCAL_LIBRARY_DIR)/Frameworks";
				IPHONEOS_DEPLOYMENT_TARGET = 17.6;
				LD_RUNPATH_SEARCH_PATHS = (
					"$(inherited)",
					"@executable_path/Frameworks",
					"@loader_path/Frameworks",
				);
				MARKETING_VERSION = 1.0;
				MODULE_VERIFIER_SUPPORTED_LANGUAGES = "objective-c objective-c++";
				MODULE_VERIFIER_SUPPORTED_LANGUAGE_STANDARDS = "gnu17 gnu++20";
				PRODUCT_BUNDLE_IDENTIFIER = com.github.lucascalheiros.History;
				PRODUCT_NAME = "$(TARGET_NAME:c99extidentifier)";
				SKIP_INSTALL = YES;
				SWIFT_EMIT_LOC_STRINGS = YES;
				SWIFT_VERSION = 5.0;
				TARGETED_DEVICE_FAMILY = "1,2";
			};
			name = Release;
		};
		17B0AF212B0A8C5900E33270 /* Debug */ = {
			isa = XCBuildConfiguration;
			baseConfigurationReference = B8AA17C18BA16D677AAEBB80 /* Pods-HistoryTests.debug.xcconfig */;
			buildSettings = {
				ALWAYS_EMBED_SWIFT_STANDARD_LIBRARIES = YES;
				CODE_SIGN_STYLE = Automatic;
				CURRENT_PROJECT_VERSION = 1;
				GENERATE_INFOPLIST_FILE = YES;
				MARKETING_VERSION = 1.0;
				PRODUCT_BUNDLE_IDENTIFIER = com.github.lucascalheiros.HistoryTests;
				PRODUCT_NAME = "$(TARGET_NAME)";
				SWIFT_EMIT_LOC_STRINGS = NO;
				SWIFT_VERSION = 5.0;
				TARGETED_DEVICE_FAMILY = "1,2";
			};
			name = Debug;
		};
		17B0AF222B0A8C5900E33270 /* Release */ = {
			isa = XCBuildConfiguration;
			baseConfigurationReference = A3DCB1B9F610032C6A26198B /* Pods-HistoryTests.release.xcconfig */;
			buildSettings = {
				ALWAYS_EMBED_SWIFT_STANDARD_LIBRARIES = YES;
				CODE_SIGN_STYLE = Automatic;
				CURRENT_PROJECT_VERSION = 1;
				GENERATE_INFOPLIST_FILE = YES;
				MARKETING_VERSION = 1.0;
				PRODUCT_BUNDLE_IDENTIFIER = com.github.lucascalheiros.HistoryTests;
				PRODUCT_NAME = "$(TARGET_NAME)";
				SWIFT_EMIT_LOC_STRINGS = NO;
				SWIFT_VERSION = 5.0;
				TARGETED_DEVICE_FAMILY = "1,2";
			};
			name = Release;
		};
/* End XCBuildConfiguration section */

/* Begin XCConfigurationList section */
		17B0AF032B0A8C5900E33270 /* Build configuration list for PBXProject "History" */ = {
			isa = XCConfigurationList;
			buildConfigurations = (
				17B0AF1B2B0A8C5900E33270 /* Debug */,
				17B0AF1C2B0A8C5900E33270 /* Release */,
			);
			defaultConfigurationIsVisible = 0;
			defaultConfigurationName = Release;
		};
		17B0AF1D2B0A8C5900E33270 /* Build configuration list for PBXNativeTarget "History" */ = {
			isa = XCConfigurationList;
			buildConfigurations = (
				17B0AF1E2B0A8C5900E33270 /* Debug */,
				17B0AF1F2B0A8C5900E33270 /* Release */,
			);
			defaultConfigurationIsVisible = 0;
			defaultConfigurationName = Release;
		};
		17B0AF202B0A8C5900E33270 /* Build configuration list for PBXNativeTarget "HistoryTests" */ = {
			isa = XCConfigurationList;
			buildConfigurations = (
				17B0AF212B0A8C5900E33270 /* Debug */,
				17B0AF222B0A8C5900E33270 /* Release */,
			);
			defaultConfigurationIsVisible = 0;
			defaultConfigurationName = Release;
		};
/* End XCConfigurationList section */
	};
	rootObject = 17B0AF002B0A8C5900E33270 /* Project object */;
}
