// !$*UTF8*$!
{
	archiveVersion = 1;
	classes = {
	};
	objectVersion = 56;
	objects = {

/* Begin PBXBuildFile section */
		174405DD2B084E89008952B6 /* DefaultComponentsTheme.swift in Sources */ = {isa = PBXBuildFile; fileRef = 174405DC2B084E89008952B6 /* DefaultComponentsTheme.swift */; };
		174405DF2B084EB2008952B6 /* ThemeProtocol.swift in Sources */ = {isa = PBXBuildFile; fileRef = 174405DE2B084EB2008952B6 /* ThemeProtocol.swift */; };
		175F92BF2B08ECF800758C50 /* TimePeriodPickerView.swift in Sources */ = {isa = PBXBuildFile; fileRef = 175F92BE2B08ECF800758C50 /* TimePeriodPickerView.swift */; };
		175F92C32B08FD4C00758C50 /* ThemeColorsProtocol.swift in Sources */ = {isa = PBXBuildFile; fileRef = 175F92C22B08FD4C00758C50 /* ThemeColorsProtocol.swift */; };
		175F92C52B08FD5F00758C50 /* ThemeFontsProtocol.swift in Sources */ = {isa = PBXBuildFile; fileRef = 175F92C42B08FD5F00758C50 /* ThemeFontsProtocol.swift */; };
		175F92C72B08FEFE00758C50 /* SwitchWithLabel.swift in Sources */ = {isa = PBXBuildFile; fileRef = 175F92C62B08FEFE00758C50 /* SwitchWithLabel.swift */; };
		17668C702AFF0A1A00B09779 /* Components.docc in Sources */ = {isa = PBXBuildFile; fileRef = 17668C6F2AFF0A1A00B09779 /* Components.docc */; };
		17668C762AFF0A1A00B09779 /* Components.framework in Frameworks */ = {isa = PBXBuildFile; fileRef = 17668C6B2AFF0A1A00B09779 /* Components.framework */; };
		17668C7B2AFF0A1A00B09779 /* ComponentsTests.swift in Sources */ = {isa = PBXBuildFile; fileRef = 17668C7A2AFF0A1A00B09779 /* ComponentsTests.swift */; };
		17668CE22AFF178500B09779 /* FillableCircleView.swift in Sources */ = {isa = PBXBuildFile; fileRef = 17668CDE2AFF178400B09779 /* FillableCircleView.swift */; };
		17668CE32AFF178500B09779 /* InputFieldWithSuffix.swift in Sources */ = {isa = PBXBuildFile; fileRef = 17668CE02AFF178400B09779 /* InputFieldWithSuffix.swift */; };
		17668CE42AFF178500B09779 /* CircularProgressView.swift in Sources */ = {isa = PBXBuildFile; fileRef = 17668CE12AFF178500B09779 /* CircularProgressView.swift */; };
		17668CE52AFF178500B09779 /* TimeWheelPickerView.swift in Sources */ = {isa = PBXBuildFile; fileRef = 17668CDF2AFF178400B09779 /* TimeWheelPickerView.swift */; };
		17668CED2AFF1CF500B09779 /* Common.framework in Frameworks */ = {isa = PBXBuildFile; fileRef = 17668CEC2AFF1CF500B09779 /* Common.framework */; };
		17668CEE2AFF1CF500B09779 /* Common.framework in Embed Frameworks */ = {isa = PBXBuildFile; fileRef = 17668CEC2AFF1CF500B09779 /* Common.framework */; settings = {ATTRIBUTES = (CodeSignOnCopy, RemoveHeadersOnCopy, ); }; };
		179380C42B1AB14600D4EAC4 /* DayTimeSelectorPickerView.swift in Sources */ = {isa = PBXBuildFile; fileRef = 179380C32B1AB14600D4EAC4 /* DayTimeSelectorPickerView.swift */; };
		D3BC50EECD8BE98AF91D480E /* Pods_ComponentsTests.framework in Frameworks */ = {isa = PBXBuildFile; fileRef = F66F01F87093EE543DC10BE3 /* Pods_ComponentsTests.framework */; };
		DAF65BC629F5A258D879F268 /* Pods_Components.framework in Frameworks */ = {isa = PBXBuildFile; fileRef = 9E02EB776EB77D41D0FC9304 /* Pods_Components.framework */; };
/* End PBXBuildFile section */

/* Begin PBXContainerItemProxy section */
		17668C772AFF0A1A00B09779 /* PBXContainerItemProxy */ = {
			isa = PBXContainerItemProxy;
			containerPortal = 17668C622AFF0A1A00B09779 /* Project object */;
			proxyType = 1;
			remoteGlobalIDString = 17668C6A2AFF0A1A00B09779;
			remoteInfo = Components;
		};
/* End PBXContainerItemProxy section */

/* Begin PBXCopyFilesBuildPhase section */
		17668CEF2AFF1CF500B09779 /* Embed Frameworks */ = {
			isa = PBXCopyFilesBuildPhase;
			buildActionMask = 2147483647;
			dstPath = "";
			dstSubfolderSpec = 10;
			files = (
				17668CEE2AFF1CF500B09779 /* Common.framework in Embed Frameworks */,
			);
			name = "Embed Frameworks";
			runOnlyForDeploymentPostprocessing = 0;
		};
/* End PBXCopyFilesBuildPhase section */

/* Begin PBXFileReference section */
		174405DC2B084E89008952B6 /* DefaultComponentsTheme.swift */ = {isa = PBXFileReference; fileEncoding = 4; lastKnownFileType = sourcecode.swift; path = DefaultComponentsTheme.swift; sourceTree = "<group>"; };
		174405DE2B084EB2008952B6 /* ThemeProtocol.swift */ = {isa = PBXFileReference; lastKnownFileType = sourcecode.swift; path = ThemeProtocol.swift; sourceTree = "<group>"; };
		175F92BE2B08ECF800758C50 /* TimePeriodPickerView.swift */ = {isa = PBXFileReference; fileEncoding = 4; lastKnownFileType = sourcecode.swift; path = TimePeriodPickerView.swift; sourceTree = "<group>"; };
		175F92C22B08FD4C00758C50 /* ThemeColorsProtocol.swift */ = {isa = PBXFileReference; lastKnownFileType = sourcecode.swift; path = ThemeColorsProtocol.swift; sourceTree = "<group>"; };
		175F92C42B08FD5F00758C50 /* ThemeFontsProtocol.swift */ = {isa = PBXFileReference; lastKnownFileType = sourcecode.swift; path = ThemeFontsProtocol.swift; sourceTree = "<group>"; };
		175F92C62B08FEFE00758C50 /* SwitchWithLabel.swift */ = {isa = PBXFileReference; lastKnownFileType = sourcecode.swift; path = SwitchWithLabel.swift; sourceTree = "<group>"; };
		17668C6B2AFF0A1A00B09779 /* Components.framework */ = {isa = PBXFileReference; explicitFileType = wrapper.framework; includeInIndex = 0; path = Components.framework; sourceTree = BUILT_PRODUCTS_DIR; };
		17668C6F2AFF0A1A00B09779 /* Components.docc */ = {isa = PBXFileReference; lastKnownFileType = folder.documentationcatalog; path = Components.docc; sourceTree = "<group>"; };
		17668C752AFF0A1A00B09779 /* ComponentsTests.xctest */ = {isa = PBXFileReference; explicitFileType = wrapper.cfbundle; includeInIndex = 0; path = ComponentsTests.xctest; sourceTree = BUILT_PRODUCTS_DIR; };
		17668C7A2AFF0A1A00B09779 /* ComponentsTests.swift */ = {isa = PBXFileReference; lastKnownFileType = sourcecode.swift; path = ComponentsTests.swift; sourceTree = "<group>"; };
		17668CDE2AFF178400B09779 /* FillableCircleView.swift */ = {isa = PBXFileReference; lastKnownFileType = sourcecode.swift; path = FillableCircleView.swift; sourceTree = "<group>"; };
		17668CDF2AFF178400B09779 /* TimeWheelPickerView.swift */ = {isa = PBXFileReference; fileEncoding = 4; lastKnownFileType = sourcecode.swift; path = TimeWheelPickerView.swift; sourceTree = "<group>"; };
		17668CE02AFF178400B09779 /* InputFieldWithSuffix.swift */ = {isa = PBXFileReference; lastKnownFileType = sourcecode.swift; path = InputFieldWithSuffix.swift; sourceTree = "<group>"; };
		17668CE12AFF178500B09779 /* CircularProgressView.swift */ = {isa = PBXFileReference; fileEncoding = 4; lastKnownFileType = sourcecode.swift; path = CircularProgressView.swift; sourceTree = "<group>"; };
		17668CEC2AFF1CF500B09779 /* Common.framework */ = {isa = PBXFileReference; explicitFileType = wrapper.framework; path = Common.framework; sourceTree = BUILT_PRODUCTS_DIR; };
		179380C32B1AB14600D4EAC4 /* DayTimeSelectorPickerView.swift */ = {isa = PBXFileReference; fileEncoding = 4; lastKnownFileType = sourcecode.swift; path = DayTimeSelectorPickerView.swift; sourceTree = "<group>"; };
		49DE7AC6DCEB1E26D4D2AAD6 /* Pods-ComponentsTests.debug.xcconfig */ = {isa = PBXFileReference; includeInIndex = 1; lastKnownFileType = text.xcconfig; name = "Pods-ComponentsTests.debug.xcconfig"; path = "Target Support Files/Pods-ComponentsTests/Pods-ComponentsTests.debug.xcconfig"; sourceTree = "<group>"; };
		58AE4964CCBC1113F4AC9210 /* Pods-ComponentsTests.release.xcconfig */ = {isa = PBXFileReference; includeInIndex = 1; lastKnownFileType = text.xcconfig; name = "Pods-ComponentsTests.release.xcconfig"; path = "Target Support Files/Pods-ComponentsTests/Pods-ComponentsTests.release.xcconfig"; sourceTree = "<group>"; };
		7848D903E5FD94D0DF1AFCE0 /* Pods-Components.debug.xcconfig */ = {isa = PBXFileReference; includeInIndex = 1; lastKnownFileType = text.xcconfig; name = "Pods-Components.debug.xcconfig"; path = "Target Support Files/Pods-Components/Pods-Components.debug.xcconfig"; sourceTree = "<group>"; };
		9E02EB776EB77D41D0FC9304 /* Pods_Components.framework */ = {isa = PBXFileReference; explicitFileType = wrapper.framework; includeInIndex = 0; path = Pods_Components.framework; sourceTree = BUILT_PRODUCTS_DIR; };
		A8F2348DAFB5A4E0F0F05BCB /* Pods-Components.release.xcconfig */ = {isa = PBXFileReference; includeInIndex = 1; lastKnownFileType = text.xcconfig; name = "Pods-Components.release.xcconfig"; path = "Target Support Files/Pods-Components/Pods-Components.release.xcconfig"; sourceTree = "<group>"; };
		F66F01F87093EE543DC10BE3 /* Pods_ComponentsTests.framework */ = {isa = PBXFileReference; explicitFileType = wrapper.framework; includeInIndex = 0; path = Pods_ComponentsTests.framework; sourceTree = BUILT_PRODUCTS_DIR; };
/* End PBXFileReference section */

/* Begin PBXFrameworksBuildPhase section */
		17668C682AFF0A1A00B09779 /* Frameworks */ = {
			isa = PBXFrameworksBuildPhase;
			buildActionMask = 2147483647;
			files = (
				DAF65BC629F5A258D879F268 /* Pods_Components.framework in Frameworks */,
				17668CED2AFF1CF500B09779 /* Common.framework in Frameworks */,
			);
			runOnlyForDeploymentPostprocessing = 0;
		};
		17668C722AFF0A1A00B09779 /* Frameworks */ = {
			isa = PBXFrameworksBuildPhase;
			buildActionMask = 2147483647;
			files = (
				17668C762AFF0A1A00B09779 /* Components.framework in Frameworks */,
				D3BC50EECD8BE98AF91D480E /* Pods_ComponentsTests.framework in Frameworks */,
			);
			runOnlyForDeploymentPostprocessing = 0;
		};
/* End PBXFrameworksBuildPhase section */

/* Begin PBXGroup section */
		174405E02B084EF2008952B6 /* Theme */ = {
			isa = PBXGroup;
			children = (
				174405DC2B084E89008952B6 /* DefaultComponentsTheme.swift */,
				175F92C22B08FD4C00758C50 /* ThemeColorsProtocol.swift */,
				175F92C42B08FD5F00758C50 /* ThemeFontsProtocol.swift */,
				174405DE2B084EB2008952B6 /* ThemeProtocol.swift */,
			);
			path = Theme;
			sourceTree = "<group>";
		};
		17668C612AFF0A1A00B09779 = {
			isa = PBXGroup;
			children = (
				17668C6D2AFF0A1A00B09779 /* Components */,
				17668C792AFF0A1A00B09779 /* ComponentsTests */,
				17668C6C2AFF0A1A00B09779 /* Products */,
				17668CB32AFF0E0D00B09779 /* Frameworks */,
				54847BAEDA3D35AAA97D44D7 /* Pods */,
			);
			sourceTree = "<group>";
		};
		17668C6C2AFF0A1A00B09779 /* Products */ = {
			isa = PBXGroup;
			children = (
				17668C6B2AFF0A1A00B09779 /* Components.framework */,
				17668C752AFF0A1A00B09779 /* ComponentsTests.xctest */,
			);
			name = Products;
			sourceTree = "<group>";
		};
		17668C6D2AFF0A1A00B09779 /* Components */ = {
			isa = PBXGroup;
			children = (
				17668C6F2AFF0A1A00B09779 /* Components.docc */,
				17668CE12AFF178500B09779 /* CircularProgressView.swift */,
				179380C32B1AB14600D4EAC4 /* DayTimeSelectorPickerView.swift */,
				17668CDE2AFF178400B09779 /* FillableCircleView.swift */,
				17668CE02AFF178400B09779 /* InputFieldWithSuffix.swift */,
				175F92C62B08FEFE00758C50 /* SwitchWithLabel.swift */,
				175F92BE2B08ECF800758C50 /* TimePeriodPickerView.swift */,
				17668CDF2AFF178400B09779 /* TimeWheelPickerView.swift */,
				174405E02B084EF2008952B6 /* Theme */,
			);
			path = Components;
			sourceTree = "<group>";
		};
		17668C792AFF0A1A00B09779 /* ComponentsTests */ = {
			isa = PBXGroup;
			children = (
				17668C7A2AFF0A1A00B09779 /* ComponentsTests.swift */,
			);
			path = ComponentsTests;
			sourceTree = "<group>";
		};
		17668CB32AFF0E0D00B09779 /* Frameworks */ = {
			isa = PBXGroup;
			children = (
				17668CEC2AFF1CF500B09779 /* Common.framework */,
				9E02EB776EB77D41D0FC9304 /* Pods_Components.framework */,
				F66F01F87093EE543DC10BE3 /* Pods_ComponentsTests.framework */,
			);
			name = Frameworks;
			sourceTree = "<group>";
		};
		54847BAEDA3D35AAA97D44D7 /* Pods */ = {
			isa = PBXGroup;
			children = (
				7848D903E5FD94D0DF1AFCE0 /* Pods-Components.debug.xcconfig */,
				A8F2348DAFB5A4E0F0F05BCB /* Pods-Components.release.xcconfig */,
				49DE7AC6DCEB1E26D4D2AAD6 /* Pods-ComponentsTests.debug.xcconfig */,
				58AE4964CCBC1113F4AC9210 /* Pods-ComponentsTests.release.xcconfig */,
			);
			name = Pods;
			path = ../Pods;
			sourceTree = "<group>";
		};
/* End PBXGroup section */

/* Begin PBXHeadersBuildPhase section */
		17668C662AFF0A1A00B09779 /* Headers */ = {
			isa = PBXHeadersBuildPhase;
			buildActionMask = 2147483647;
			files = (
			);
			runOnlyForDeploymentPostprocessing = 0;
		};
/* End PBXHeadersBuildPhase section */

/* Begin PBXNativeTarget section */
		17668C6A2AFF0A1A00B09779 /* Components */ = {
			isa = PBXNativeTarget;
			buildConfigurationList = 17668C7F2AFF0A1A00B09779 /* Build configuration list for PBXNativeTarget "Components" */;
			buildPhases = (
				EED775E2AF63820CDE7F4CFF /* [CP] Check Pods Manifest.lock */,
				17668C662AFF0A1A00B09779 /* Headers */,
				17668C672AFF0A1A00B09779 /* Sources */,
				17668C682AFF0A1A00B09779 /* Frameworks */,
				17668C692AFF0A1A00B09779 /* Resources */,
				17668CEF2AFF1CF500B09779 /* Embed Frameworks */,
			);
			buildRules = (
			);
			dependencies = (
			);
			name = Components;
			productName = Components;
			productReference = 17668C6B2AFF0A1A00B09779 /* Components.framework */;
			productType = "com.apple.product-type.framework";
		};
		17668C742AFF0A1A00B09779 /* ComponentsTests */ = {
			isa = PBXNativeTarget;
			buildConfigurationList = 17668C822AFF0A1A00B09779 /* Build configuration list for PBXNativeTarget "ComponentsTests" */;
			buildPhases = (
				9A23315CA40143179C1F213F /* [CP] Check Pods Manifest.lock */,
				17668C712AFF0A1A00B09779 /* Sources */,
				17668C722AFF0A1A00B09779 /* Frameworks */,
				17668C732AFF0A1A00B09779 /* Resources */,
			);
			buildRules = (
			);
			dependencies = (
				17668C782AFF0A1A00B09779 /* PBXTargetDependency */,
			);
			name = ComponentsTests;
			productName = ComponentsTests;
			productReference = 17668C752AFF0A1A00B09779 /* ComponentsTests.xctest */;
			productType = "com.apple.product-type.bundle.unit-test";
		};
/* End PBXNativeTarget section */

/* Begin PBXProject section */
		17668C622AFF0A1A00B09779 /* Project object */ = {
			isa = PBXProject;
			attributes = {
				BuildIndependentTargetsInParallel = 1;
				LastSwiftUpdateCheck = 1500;
				LastUpgradeCheck = 1500;
				TargetAttributes = {
					17668C6A2AFF0A1A00B09779 = {
						CreatedOnToolsVersion = 15.0;
					};
					17668C742AFF0A1A00B09779 = {
						CreatedOnToolsVersion = 15.0;
					};
				};
			};
			buildConfigurationList = 17668C652AFF0A1A00B09779 /* Build configuration list for PBXProject "Components" */;
			compatibilityVersion = "Xcode 14.0";
			developmentRegion = en;
			hasScannedForEncodings = 0;
			knownRegions = (
				en,
				Base,
			);
			mainGroup = 17668C612AFF0A1A00B09779;
			productRefGroup = 17668C6C2AFF0A1A00B09779 /* Products */;
			projectDirPath = "";
			projectRoot = "";
			targets = (
				17668C6A2AFF0A1A00B09779 /* Components */,
				17668C742AFF0A1A00B09779 /* ComponentsTests */,
			);
		};
/* End PBXProject section */

/* Begin PBXResourcesBuildPhase section */
		17668C692AFF0A1A00B09779 /* Resources */ = {
			isa = PBXResourcesBuildPhase;
			buildActionMask = 2147483647;
			files = (
			);
			runOnlyForDeploymentPostprocessing = 0;
		};
		17668C732AFF0A1A00B09779 /* Resources */ = {
			isa = PBXResourcesBuildPhase;
			buildActionMask = 2147483647;
			files = (
			);
			runOnlyForDeploymentPostprocessing = 0;
		};
/* End PBXResourcesBuildPhase section */

/* Begin PBXShellScriptBuildPhase section */
		9A23315CA40143179C1F213F /* [CP] Check Pods Manifest.lock */ = {
			isa = PBXShellScriptBuildPhase;
			buildActionMask = 2147483647;
			files = (
			);
			inputFileListPaths = (
			);
			inputPaths = (
				"${PODS_PODFILE_DIR_PATH}/Podfile.lock",
				"${PODS_ROOT}/Manifest.lock",
			);
			name = "[CP] Check Pods Manifest.lock";
			outputFileListPaths = (
			);
			outputPaths = (
				"$(DERIVED_FILE_DIR)/Pods-ComponentsTests-checkManifestLockResult.txt",
			);
			runOnlyForDeploymentPostprocessing = 0;
			shellPath = /bin/sh;
			shellScript = "diff \"${PODS_PODFILE_DIR_PATH}/Podfile.lock\" \"${PODS_ROOT}/Manifest.lock\" > /dev/null\nif [ $? != 0 ] ; then\n    # print error to STDERR\n    echo \"error: The sandbox is not in sync with the Podfile.lock. Run 'pod install' or update your CocoaPods installation.\" >&2\n    exit 1\nfi\n# This output is used by Xcode 'outputs' to avoid re-running this script phase.\necho \"SUCCESS\" > \"${SCRIPT_OUTPUT_FILE_0}\"\n";
			showEnvVarsInLog = 0;
		};
		EED775E2AF63820CDE7F4CFF /* [CP] Check Pods Manifest.lock */ = {
			isa = PBXShellScriptBuildPhase;
			buildActionMask = 2147483647;
			files = (
			);
			inputFileListPaths = (
			);
			inputPaths = (
				"${PODS_PODFILE_DIR_PATH}/Podfile.lock",
				"${PODS_ROOT}/Manifest.lock",
			);
			name = "[CP] Check Pods Manifest.lock";
			outputFileListPaths = (
			);
			outputPaths = (
				"$(DERIVED_FILE_DIR)/Pods-Components-checkManifestLockResult.txt",
			);
			runOnlyForDeploymentPostprocessing = 0;
			shellPath = /bin/sh;
			shellScript = "diff \"${PODS_PODFILE_DIR_PATH}/Podfile.lock\" \"${PODS_ROOT}/Manifest.lock\" > /dev/null\nif [ $? != 0 ] ; then\n    # print error to STDERR\n    echo \"error: The sandbox is not in sync with the Podfile.lock. Run 'pod install' or update your CocoaPods installation.\" >&2\n    exit 1\nfi\n# This output is used by Xcode 'outputs' to avoid re-running this script phase.\necho \"SUCCESS\" > \"${SCRIPT_OUTPUT_FILE_0}\"\n";
			showEnvVarsInLog = 0;
		};
/* End PBXShellScriptBuildPhase section */

/* Begin PBXSourcesBuildPhase section */
		17668C672AFF0A1A00B09779 /* Sources */ = {
			isa = PBXSourcesBuildPhase;
			buildActionMask = 2147483647;
			files = (
				17668C702AFF0A1A00B09779 /* Components.docc in Sources */,
				175F92BF2B08ECF800758C50 /* TimePeriodPickerView.swift in Sources */,
				175F92C52B08FD5F00758C50 /* ThemeFontsProtocol.swift in Sources */,
				17668CE22AFF178500B09779 /* FillableCircleView.swift in Sources */,
				174405DF2B084EB2008952B6 /* ThemeProtocol.swift in Sources */,
				17668CE42AFF178500B09779 /* CircularProgressView.swift in Sources */,
				175F92C32B08FD4C00758C50 /* ThemeColorsProtocol.swift in Sources */,
				174405DD2B084E89008952B6 /* DefaultComponentsTheme.swift in Sources */,
				17668CE32AFF178500B09779 /* InputFieldWithSuffix.swift in Sources */,
				179380C42B1AB14600D4EAC4 /* DayTimeSelectorPickerView.swift in Sources */,
				175F92C72B08FEFE00758C50 /* SwitchWithLabel.swift in Sources */,
				17668CE52AFF178500B09779 /* TimeWheelPickerView.swift in Sources */,
			);
			runOnlyForDeploymentPostprocessing = 0;
		};
		17668C712AFF0A1A00B09779 /* Sources */ = {
			isa = PBXSourcesBuildPhase;
			buildActionMask = 2147483647;
			files = (
				17668C7B2AFF0A1A00B09779 /* ComponentsTests.swift in Sources */,
			);
			runOnlyForDeploymentPostprocessing = 0;
		};
/* End PBXSourcesBuildPhase section */

/* Begin PBXTargetDependency section */
		17668C782AFF0A1A00B09779 /* PBXTargetDependency */ = {
			isa = PBXTargetDependency;
			target = 17668C6A2AFF0A1A00B09779 /* Components */;
			targetProxy = 17668C772AFF0A1A00B09779 /* PBXContainerItemProxy */;
		};
/* End PBXTargetDependency section */

/* Begin XCBuildConfiguration section */
		17668C7D2AFF0A1A00B09779 /* Debug */ = {
			isa = XCBuildConfiguration;
			buildSettings = {
				ALWAYS_SEARCH_USER_PATHS = NO;
				ASSETCATALOG_COMPILER_GENERATE_SWIFT_ASSET_SYMBOL_EXTENSIONS = YES;
				CLANG_ANALYZER_NONNULL = YES;
				CLANG_ANALYZER_NUMBER_OBJECT_CONVERSION = YES_AGGRESSIVE;
				CLANG_CXX_LANGUAGE_STANDARD = "gnu++20";
				CLANG_ENABLE_MODULES = YES;
				CLANG_ENABLE_OBJC_ARC = YES;
				CLANG_ENABLE_OBJC_WEAK = YES;
				CLANG_WARN_BLOCK_CAPTURE_AUTORELEASING = YES;
				CLANG_WARN_BOOL_CONVERSION = YES;
				CLANG_WARN_COMMA = YES;
				CLANG_WARN_CONSTANT_CONVERSION = YES;
				CLANG_WARN_DEPRECATED_OBJC_IMPLEMENTATIONS = YES;
				CLANG_WARN_DIRECT_OBJC_ISA_USAGE = YES_ERROR;
				CLANG_WARN_DOCUMENTATION_COMMENTS = YES;
				CLANG_WARN_EMPTY_BODY = YES;
				CLANG_WARN_ENUM_CONVERSION = YES;
				CLANG_WARN_INFINITE_RECURSION = YES;
				CLANG_WARN_INT_CONVERSION = YES;
				CLANG_WARN_NON_LITERAL_NULL_CONVERSION = YES;
				CLANG_WARN_OBJC_IMPLICIT_RETAIN_SELF = YES;
				CLANG_WARN_OBJC_LITERAL_CONVERSION = YES;
				CLANG_WARN_OBJC_ROOT_CLASS = YES_ERROR;
				CLANG_WARN_QUOTED_INCLUDE_IN_FRAMEWORK_HEADER = YES;
				CLANG_WARN_RANGE_LOOP_ANALYSIS = YES;
				CLANG_WARN_STRICT_PROTOTYPES = YES;
				CLANG_WARN_SUSPICIOUS_MOVE = YES;
				CLANG_WARN_UNGUARDED_AVAILABILITY = YES_AGGRESSIVE;
				CLANG_WARN_UNREACHABLE_CODE = YES;
				CLANG_WARN__DUPLICATE_METHOD_MATCH = YES;
				COPY_PHASE_STRIP = NO;
				CURRENT_PROJECT_VERSION = 1;
				DEBUG_INFORMATION_FORMAT = dwarf;
				ENABLE_STRICT_OBJC_MSGSEND = YES;
				ENABLE_TESTABILITY = YES;
				ENABLE_USER_SCRIPT_SANDBOXING = YES;
				GCC_C_LANGUAGE_STANDARD = gnu17;
				GCC_DYNAMIC_NO_PIC = NO;
				GCC_NO_COMMON_BLOCKS = YES;
				GCC_OPTIMIZATION_LEVEL = 0;
				GCC_PREPROCESSOR_DEFINITIONS = (
					"DEBUG=1",
					"$(inherited)",
				);
				GCC_WARN_64_TO_32_BIT_CONVERSION = YES;
				GCC_WARN_ABOUT_RETURN_TYPE = YES_ERROR;
				GCC_WARN_UNDECLARED_SELECTOR = YES;
				GCC_WARN_UNINITIALIZED_AUTOS = YES_AGGRESSIVE;
				GCC_WARN_UNUSED_FUNCTION = YES;
				GCC_WARN_UNUSED_VARIABLE = YES;
				IPHONEOS_DEPLOYMENT_TARGET = 17.0;
				LOCALIZATION_PREFERS_STRING_CATALOGS = YES;
				MTL_ENABLE_DEBUG_INFO = INCLUDE_SOURCE;
				MTL_FAST_MATH = YES;
				ONLY_ACTIVE_ARCH = YES;
				SDKROOT = iphoneos;
				SWIFT_ACTIVE_COMPILATION_CONDITIONS = "DEBUG $(inherited)";
				SWIFT_OPTIMIZATION_LEVEL = "-Onone";
				VERSIONING_SYSTEM = "apple-generic";
				VERSION_INFO_PREFIX = "";
			};
			name = Debug;
		};
		17668C7E2AFF0A1A00B09779 /* Release */ = {
			isa = XCBuildConfiguration;
			buildSettings = {
				ALWAYS_SEARCH_USER_PATHS = NO;
				ASSETCATALOG_COMPILER_GENERATE_SWIFT_ASSET_SYMBOL_EXTENSIONS = YES;
				CLANG_ANALYZER_NONNULL = YES;
				CLANG_ANALYZER_NUMBER_OBJECT_CONVERSION = YES_AGGRESSIVE;
				CLANG_CXX_LANGUAGE_STANDARD = "gnu++20";
				CLANG_ENABLE_MODULES = YES;
				CLANG_ENABLE_OBJC_ARC = YES;
				CLANG_ENABLE_OBJC_WEAK = YES;
				CLANG_WARN_BLOCK_CAPTURE_AUTORELEASING = YES;
				CLANG_WARN_BOOL_CONVERSION = YES;
				CLANG_WARN_COMMA = YES;
				CLANG_WARN_CONSTANT_CONVERSION = YES;
				CLANG_WARN_DEPRECATED_OBJC_IMPLEMENTATIONS = YES;
				CLANG_WARN_DIRECT_OBJC_ISA_USAGE = YES_ERROR;
				CLANG_WARN_DOCUMENTATION_COMMENTS = YES;
				CLANG_WARN_EMPTY_BODY = YES;
				CLANG_WARN_ENUM_CONVERSION = YES;
				CLANG_WARN_INFINITE_RECURSION = YES;
				CLANG_WARN_INT_CONVERSION = YES;
				CLANG_WARN_NON_LITERAL_NULL_CONVERSION = YES;
				CLANG_WARN_OBJC_IMPLICIT_RETAIN_SELF = YES;
				CLANG_WARN_OBJC_LITERAL_CONVERSION = YES;
				CLANG_WARN_OBJC_ROOT_CLASS = YES_ERROR;
				CLANG_WARN_QUOTED_INCLUDE_IN_FRAMEWORK_HEADER = YES;
				CLANG_WARN_RANGE_LOOP_ANALYSIS = YES;
				CLANG_WARN_STRICT_PROTOTYPES = YES;
				CLANG_WARN_SUSPICIOUS_MOVE = YES;
				CLANG_WARN_UNGUARDED_AVAILABILITY = YES_AGGRESSIVE;
				CLANG_WARN_UNREACHABLE_CODE = YES;
				CLANG_WARN__DUPLICATE_METHOD_MATCH = YES;
				COPY_PHASE_STRIP = NO;
				CURRENT_PROJECT_VERSION = 1;
				DEBUG_INFORMATION_FORMAT = "dwarf-with-dsym";
				ENABLE_NS_ASSERTIONS = NO;
				ENABLE_STRICT_OBJC_MSGSEND = YES;
				ENABLE_USER_SCRIPT_SANDBOXING = YES;
				GCC_C_LANGUAGE_STANDARD = gnu17;
				GCC_NO_COMMON_BLOCKS = YES;
				GCC_WARN_64_TO_32_BIT_CONVERSION = YES;
				GCC_WARN_ABOUT_RETURN_TYPE = YES_ERROR;
				GCC_WARN_UNDECLARED_SELECTOR = YES;
				GCC_WARN_UNINITIALIZED_AUTOS = YES_AGGRESSIVE;
				GCC_WARN_UNUSED_FUNCTION = YES;
				GCC_WARN_UNUSED_VARIABLE = YES;
				IPHONEOS_DEPLOYMENT_TARGET = 17.0;
				LOCALIZATION_PREFERS_STRING_CATALOGS = YES;
				MTL_ENABLE_DEBUG_INFO = NO;
				MTL_FAST_MATH = YES;
				SDKROOT = iphoneos;
				SWIFT_COMPILATION_MODE = wholemodule;
				VALIDATE_PRODUCT = YES;
				VERSIONING_SYSTEM = "apple-generic";
				VERSION_INFO_PREFIX = "";
			};
			name = Release;
		};
		17668C802AFF0A1A00B09779 /* Debug */ = {
			isa = XCBuildConfiguration;
			baseConfigurationReference = 7848D903E5FD94D0DF1AFCE0 /* Pods-Components.debug.xcconfig */;
			buildSettings = {
				CODE_SIGN_STYLE = Automatic;
				CURRENT_PROJECT_VERSION = 1;
				DEFINES_MODULE = YES;
				DYLIB_COMPATIBILITY_VERSION = 1;
				DYLIB_CURRENT_VERSION = 1;
				DYLIB_INSTALL_NAME_BASE = "@rpath";
				ENABLE_MODULE_VERIFIER = YES;
				GENERATE_INFOPLIST_FILE = YES;
				INFOPLIST_KEY_NSHumanReadableCopyright = "";
				INSTALL_PATH = "$(LOCAL_LIBRARY_DIR)/Frameworks";
				IPHONEOS_DEPLOYMENT_TARGET = 16.4;
				LD_RUNPATH_SEARCH_PATHS = (
					"$(inherited)",
					"@executable_path/Frameworks",
					"@loader_path/Frameworks",
				);
				MARKETING_VERSION = 1.0;
				MODULE_VERIFIER_SUPPORTED_LANGUAGES = "objective-c objective-c++";
				MODULE_VERIFIER_SUPPORTED_LANGUAGE_STANDARDS = "gnu17 gnu++20";
				PRODUCT_BUNDLE_IDENTIFIER = com.github.lucascalheiros.Components;
				PRODUCT_NAME = "$(TARGET_NAME:c99extidentifier)";
				SKIP_INSTALL = YES;
				SWIFT_EMIT_LOC_STRINGS = YES;
				SWIFT_VERSION = 5.0;
				TARGETED_DEVICE_FAMILY = "1,2";
			};
			name = Debug;
		};
		17668C812AFF0A1A00B09779 /* Release */ = {
			isa = XCBuildConfiguration;
			baseConfigurationReference = A8F2348DAFB5A4E0F0F05BCB /* Pods-Components.release.xcconfig */;
			buildSettings = {
				CODE_SIGN_STYLE = Automatic;
				CURRENT_PROJECT_VERSION = 1;
				DEFINES_MODULE = YES;
				DYLIB_COMPATIBILITY_VERSION = 1;
				DYLIB_CURRENT_VERSION = 1;
				DYLIB_INSTALL_NAME_BASE = "@rpath";
				ENABLE_MODULE_VERIFIER = YES;
				GENERATE_INFOPLIST_FILE = YES;
				INFOPLIST_KEY_NSHumanReadableCopyright = "";
				INSTALL_PATH = "$(LOCAL_LIBRARY_DIR)/Frameworks";
				IPHONEOS_DEPLOYMENT_TARGET = 16.4;
				LD_RUNPATH_SEARCH_PATHS = (
					"$(inherited)",
					"@executable_path/Frameworks",
					"@loader_path/Frameworks",
				);
				MARKETING_VERSION = 1.0;
				MODULE_VERIFIER_SUPPORTED_LANGUAGES = "objective-c objective-c++";
				MODULE_VERIFIER_SUPPORTED_LANGUAGE_STANDARDS = "gnu17 gnu++20";
				PRODUCT_BUNDLE_IDENTIFIER = com.github.lucascalheiros.Components;
				PRODUCT_NAME = "$(TARGET_NAME:c99extidentifier)";
				SKIP_INSTALL = YES;
				SWIFT_EMIT_LOC_STRINGS = YES;
				SWIFT_VERSION = 5.0;
				TARGETED_DEVICE_FAMILY = "1,2";
			};
			name = Release;
		};
		17668C832AFF0A1A00B09779 /* Debug */ = {
			isa = XCBuildConfiguration;
			baseConfigurationReference = 49DE7AC6DCEB1E26D4D2AAD6 /* Pods-ComponentsTests.debug.xcconfig */;
			buildSettings = {
				ALWAYS_EMBED_SWIFT_STANDARD_LIBRARIES = YES;
				CODE_SIGN_STYLE = Automatic;
				CURRENT_PROJECT_VERSION = 1;
				GENERATE_INFOPLIST_FILE = YES;
				MARKETING_VERSION = 1.0;
				PRODUCT_BUNDLE_IDENTIFIER = com.github.lucascalheiros.ComponentsTests;
				PRODUCT_NAME = "$(TARGET_NAME)";
				SWIFT_EMIT_LOC_STRINGS = NO;
				SWIFT_VERSION = 5.0;
				TARGETED_DEVICE_FAMILY = "1,2";
			};
			name = Debug;
		};
		17668C842AFF0A1A00B09779 /* Release */ = {
			isa = XCBuildConfiguration;
			baseConfigurationReference = 58AE4964CCBC1113F4AC9210 /* Pods-ComponentsTests.release.xcconfig */;
			buildSettings = {
				ALWAYS_EMBED_SWIFT_STANDARD_LIBRARIES = YES;
				CODE_SIGN_STYLE = Automatic;
				CURRENT_PROJECT_VERSION = 1;
				GENERATE_INFOPLIST_FILE = YES;
				MARKETING_VERSION = 1.0;
				PRODUCT_BUNDLE_IDENTIFIER = com.github.lucascalheiros.ComponentsTests;
				PRODUCT_NAME = "$(TARGET_NAME)";
				SWIFT_EMIT_LOC_STRINGS = NO;
				SWIFT_VERSION = 5.0;
				TARGETED_DEVICE_FAMILY = "1,2";
			};
			name = Release;
		};
/* End XCBuildConfiguration section */

/* Begin XCConfigurationList section */
		17668C652AFF0A1A00B09779 /* Build configuration list for PBXProject "Components" */ = {
			isa = XCConfigurationList;
			buildConfigurations = (
				17668C7D2AFF0A1A00B09779 /* Debug */,
				17668C7E2AFF0A1A00B09779 /* Release */,
			);
			defaultConfigurationIsVisible = 0;
			defaultConfigurationName = Release;
		};
		17668C7F2AFF0A1A00B09779 /* Build configuration list for PBXNativeTarget "Components" */ = {
			isa = XCConfigurationList;
			buildConfigurations = (
				17668C802AFF0A1A00B09779 /* Debug */,
				17668C812AFF0A1A00B09779 /* Release */,
			);
			defaultConfigurationIsVisible = 0;
			defaultConfigurationName = Release;
		};
		17668C822AFF0A1A00B09779 /* Build configuration list for PBXNativeTarget "ComponentsTests" */ = {
			isa = XCConfigurationList;
			buildConfigurations = (
				17668C832AFF0A1A00B09779 /* Debug */,
				17668C842AFF0A1A00B09779 /* Release */,
			);
			defaultConfigurationIsVisible = 0;
			defaultConfigurationName = Release;
		};
/* End XCConfigurationList section */
	};
	rootObject = 17668C622AFF0A1A00B09779 /* Project object */;
}
